
Microsoft Visual Studio Solution File, Format Version 12.00
# Visual Studio Version 17
VisualStudioVersion = 17.10.35013.160
MinimumVisualStudioVersion = 10.0.40219.1
Project("{9A19103F-16F7-4668-BE54-9A1E7A4F7556}") = "MathGameConsole", "MathGameConsole\MathGameConsole.csproj", "{EEBFB53F-62C7-40C6-821A-017B253F038D}"
EndProject
Project("{FAE04EC0-301F-11D3-BF4B-00C04F79EFBC}") = "Calculator", "Calculator\Calculator.csproj", "{D7029835-FA76-441F-8783-1663E34AB62D}"
EndProject
Global
	GlobalSection(SolutionConfigurationPlatforms) = preSolution
		Debug|Any CPU = Debug|Any CPU
		Release|Any CPU = Release|Any CPU
	EndGlobalSection
	GlobalSection(ProjectConfigurationPlatforms) = postSolution
		{EEBFB53F-62C7-40C6-821A-017B253F038D}.Debug|Any CPU.ActiveCfg = Debug|Any CPU
		{EEBFB53F-62C7-40C6-821A-017B253F038D}.Debug|Any CPU.Build.0 = Debug|Any CPU
		{EEBFB53F-62C7-40C6-821A-017B253F038D}.Release|Any CPU.ActiveCfg = Release|Any CPU
		{EEBFB53F-62C7-40C6-821A-017B253F038D}.Release|Any CPU.Build.0 = Release|Any CPU
		{D7029835-FA76-441F-8783-1663E34AB62D}.Debug|Any CPU.ActiveCfg = Debug|Any CPU
		{D7029835-FA76-441F-8783-1663E34AB62D}.Debug|Any CPU.Build.0 = Debug|Any CPU
		{D7029835-FA76-441F-8783-1663E34AB62D}.Release|Any CPU.ActiveCfg = Release|Any CPU
		{D7029835-FA76-441F-8783-1663E34AB62D}.Release|Any CPU.Build.0 = Release|Any CPU
	EndGlobalSection
	GlobalSection(SolutionProperties) = preSolution
		HideSolutionNode = FALSE
	EndGlobalSection
	GlobalSection(ExtensibilityGlobals) = postSolution
		SolutionGuid = {4C488FAF-8DC5-4A62-BA42-F827680C09B1}
	EndGlobalSection
EndGlobal
